
Microsoft Visual Studio Solution File, Format Version 12.00
# Visual Studio Version 16
VisualStudioVersion = 16.0.31313.79
MinimumVisualStudioVersion = 10.0.40219.1
Project("{FAE04EC0-301F-11D3-BF4B-00C04F79EFBC}") = "Add2Numbers", "Add2Numbers\Add2Numbers.csproj", "{92F525E1-D870-4B8D-8D69-93777DF29E97}"
EndProject
Global
	GlobalSection(SolutionConfigurationPlatforms) = preSolution
		Debug|Any CPU = Debug|Any CPU
		Release|Any CPU = Release|Any CPU
	EndGlobalSection
	GlobalSection(ProjectConfigurationPlatforms) = postSolution
		{92F525E1-D870-4B8D-8D69-93777DF29E97}.Debug|Any CPU.ActiveCfg = Debug|Any CPU
		{92F525E1-D870-4B8D-8D69-93777DF29E97}.Debug|Any CPU.Build.0 = Debug|Any CPU
		{92F525E1-D870-4B8D-8D69-93777DF29E97}.Release|Any CPU.ActiveCfg = Release|Any CPU
		{92F525E1-D870-4B8D-8D69-93777DF29E97}.Release|Any CPU.Build.0 = Release|Any CPU
	EndGlobalSection
	GlobalSection(SolutionProperties) = preSolution
		HideSolutionNode = FALSE
	EndGlobalSection
	GlobalSection(ExtensibilityGlobals) = postSolution
		SolutionGuid = {C96DE87F-33FE-4E82-BC42-863855DF8605}
	EndGlobalSection
EndGlobal
